
Microsoft Visual Studio Solution File, Format Version 12.00
# Visual Studio Version 16
VisualStudioVersion = 16.0.30104.148
MinimumVisualStudioVersion = 10.0.40219.1
Project("{FAE04EC0-301F-11D3-BF4B-00C04F79EFBC}") = "AJRuleSample_v3", "AJRuleSample_v3.csproj", "{A6711FBA-E586-4711-B349-0CCCD1E90F93}"
EndProject
Global
	GlobalSection(SolutionConfigurationPlatforms) = preSolution
		Debug|Any CPU = Debug|Any CPU
		Release|Any CPU = Release|Any CPU
	EndGlobalSection
	GlobalSection(ProjectConfigurationPlatforms) = postSolution
		{A6711FBA-E586-4711-B349-0CCCD1E90F93}.Debug|Any CPU.ActiveCfg = Debug|Any CPU
		{A6711FBA-E586-4711-B349-0CCCD1E90F93}.Debug|Any CPU.Build.0 = Debug|Any CPU
		{A6711FBA-E586-4711-B349-0CCCD1E90F93}.Release|Any CPU.ActiveCfg = Release|Any CPU
		{A6711FBA-E586-4711-B349-0CCCD1E90F93}.Release|Any CPU.Build.0 = Release|Any CPU
	EndGlobalSection
	GlobalSection(SolutionProperties) = preSolution
		HideSolutionNode = FALSE
	EndGlobalSection
	GlobalSection(ExtensibilityGlobals) = postSolution
		SolutionGuid = {B6D72FB5-F560-4BBC-B08F-8F226F1A4D6D}
	EndGlobalSection
EndGlobal
